
Microsoft Visual Studio Solution File, Format Version 12.00
# Visual Studio Version 16
VisualStudioVersion = 16.0.30225.117
MinimumVisualStudioVersion = 10.0.40219.1
Project("{FAE04EC0-301F-11D3-BF4B-00C04F79EFBC}") = "DDD.Web", "Lab01\DDD.Web.csproj", "{6F122516-6C09-4C59-863E-0B5DAB034432}"
EndProject
Project("{2150E333-8FDC-42A3-9474-1A3956D46DE8}") = "Capas", "Capas", "{500DF8F3-C239-4E49-986E-C3E01525AF97}"
EndProject
Project("{2150E333-8FDC-42A3-9474-1A3956D46DE8}") = "1. Presentacion", "1. Presentacion", "{A484E3CD-20A3-46B9-AD1C-EEF1B3C179FE}"
EndProject
Project("{2150E333-8FDC-42A3-9474-1A3956D46DE8}") = "2. Servicios", "2. Servicios", "{6449706A-AF75-42EF-B5F2-C8DB1F47848C}"
EndProject
Project("{2150E333-8FDC-42A3-9474-1A3956D46DE8}") = "3. Aplicacion", "3. Aplicacion", "{04A9F8E8-E5AF-42A9-B118-460B8404D4DC}"
EndProject
Project("{2150E333-8FDC-42A3-9474-1A3956D46DE8}") = "4. Dominio", "4. Dominio", "{F046D694-F711-49FF-BF64-41BC02F356D2}"
EndProject
Project("{2150E333-8FDC-42A3-9474-1A3956D46DE8}") = "5. Persistencia", "5. Persistencia", "{F1581488-2ABD-4F55-8863-4ADE7085140E}"
EndProject
Project("{2150E333-8FDC-42A3-9474-1A3956D46DE8}") = "6. Infraestructura", "6. Infraestructura", "{DFEED7D1-C8AA-4D2A-8848-F416A787FF5E}"
EndProject
Project("{2150E333-8FDC-42A3-9474-1A3956D46DE8}") = "1.1 Web", "1.1 Web", "{E13418E2-F6C2-424A-AEA9-9804F6CC63F1}"
EndProject
Project("{2150E333-8FDC-42A3-9474-1A3956D46DE8}") = "4.1 Entidades", "4.1 Entidades", "{5CF83AFB-8D16-4916-AC00-0E35BEFE58B1}"
EndProject
Project("{2150E333-8FDC-42A3-9474-1A3956D46DE8}") = "4.2 Negocio", "4.2 Negocio", "{E061074B-2ACF-4420-A642-6696C04202A3}"
EndProject
Project("{2150E333-8FDC-42A3-9474-1A3956D46DE8}") = "5.1 SqlServer", "5.1 SqlServer", "{C02F89AA-35DC-4BDD-98C0-B8889D53BF2A}"
EndProject
Project("{FAE04EC0-301F-11D3-BF4B-00C04F79EFBC}") = "DDD.Entidadess", "DDD.Entidadess\DDD.Entidadess.csproj", "{AD7C5784-DD8E-4A9A-A70E-C90855DD9497}"
EndProject
Project("{FAE04EC0-301F-11D3-BF4B-00C04F79EFBC}") = "DDD.ADOSql", "DDD.ADOSql\DDD.ADOSql.csproj", "{322489CA-02C1-4395-804B-C53569A7DCFD}"
EndProject
Project("{FAE04EC0-301F-11D3-BF4B-00C04F79EFBC}") = "DDD.Dominios", "DDD.Dominios\DDD.Dominios.csproj", "{7DC885A7-8951-4BF7-BD5F-B1B7ABCB8ECE}"
EndProject
Project("{FAE04EC0-301F-11D3-BF4B-00C04F79EFBC}") = "DDD.Manager", "DDD.Manager\DDD.Manager.csproj", "{3CD625E2-CAED-4482-9541-192B3446D2C0}"
EndProject
Global
	GlobalSection(SolutionConfigurationPlatforms) = preSolution
		Debug|Any CPU = Debug|Any CPU
		Release|Any CPU = Release|Any CPU
	EndGlobalSection
	GlobalSection(ProjectConfigurationPlatforms) = postSolution
		{6F122516-6C09-4C59-863E-0B5DAB034432}.Debug|Any CPU.ActiveCfg = Debug|Any CPU
		{6F122516-6C09-4C59-863E-0B5DAB034432}.Debug|Any CPU.Build.0 = Debug|Any CPU
		{6F122516-6C09-4C59-863E-0B5DAB034432}.Release|Any CPU.ActiveCfg = Release|Any CPU
		{6F122516-6C09-4C59-863E-0B5DAB034432}.Release|Any CPU.Build.0 = Release|Any CPU
		{AD7C5784-DD8E-4A9A-A70E-C90855DD9497}.Debug|Any CPU.ActiveCfg = Debug|Any CPU
		{AD7C5784-DD8E-4A9A-A70E-C90855DD9497}.Debug|Any CPU.Build.0 = Debug|Any CPU
		{AD7C5784-DD8E-4A9A-A70E-C90855DD9497}.Release|Any CPU.ActiveCfg = Release|Any CPU
		{AD7C5784-DD8E-4A9A-A70E-C90855DD9497}.Release|Any CPU.Build.0 = Release|Any CPU
		{322489CA-02C1-4395-804B-C53569A7DCFD}.Debug|Any CPU.ActiveCfg = Debug|Any CPU
		{322489CA-02C1-4395-804B-C53569A7DCFD}.Debug|Any CPU.Build.0 = Debug|Any CPU
		{322489CA-02C1-4395-804B-C53569A7DCFD}.Release|Any CPU.ActiveCfg = Release|Any CPU
		{322489CA-02C1-4395-804B-C53569A7DCFD}.Release|Any CPU.Build.0 = Release|Any CPU
		{7DC885A7-8951-4BF7-BD5F-B1B7ABCB8ECE}.Debug|Any CPU.ActiveCfg = Debug|Any CPU
		{7DC885A7-8951-4BF7-BD5F-B1B7ABCB8ECE}.Debug|Any CPU.Build.0 = Debug|Any CPU
		{7DC885A7-8951-4BF7-BD5F-B1B7ABCB8ECE}.Release|Any CPU.ActiveCfg = Release|Any CPU
		{7DC885A7-8951-4BF7-BD5F-B1B7ABCB8ECE}.Release|Any CPU.Build.0 = Release|Any CPU
		{3CD625E2-CAED-4482-9541-192B3446D2C0}.Debug|Any CPU.ActiveCfg = Debug|Any CPU
		{3CD625E2-CAED-4482-9541-192B3446D2C0}.Debug|Any CPU.Build.0 = Debug|Any CPU
		{3CD625E2-CAED-4482-9541-192B3446D2C0}.Release|Any CPU.ActiveCfg = Release|Any CPU
		{3CD625E2-CAED-4482-9541-192B3446D2C0}.Release|Any CPU.Build.0 = Release|Any CPU
	EndGlobalSection
	GlobalSection(SolutionProperties) = preSolution
		HideSolutionNode = FALSE
	EndGlobalSection
	GlobalSection(NestedProjects) = preSolution
		{6F122516-6C09-4C59-863E-0B5DAB034432} = {E13418E2-F6C2-424A-AEA9-9804F6CC63F1}
		{A484E3CD-20A3-46B9-AD1C-EEF1B3C179FE} = {500DF8F3-C239-4E49-986E-C3E01525AF97}
		{6449706A-AF75-42EF-B5F2-C8DB1F47848C} = {500DF8F3-C239-4E49-986E-C3E01525AF97}
		{04A9F8E8-E5AF-42A9-B118-460B8404D4DC} = {500DF8F3-C239-4E49-986E-C3E01525AF97}
		{F046D694-F711-49FF-BF64-41BC02F356D2} = {500DF8F3-C239-4E49-986E-C3E01525AF97}
		{F1581488-2ABD-4F55-8863-4ADE7085140E} = {500DF8F3-C239-4E49-986E-C3E01525AF97}
		{DFEED7D1-C8AA-4D2A-8848-F416A787FF5E} = {500DF8F3-C239-4E49-986E-C3E01525AF97}
		{E13418E2-F6C2-424A-AEA9-9804F6CC63F1} = {A484E3CD-20A3-46B9-AD1C-EEF1B3C179FE}
		{5CF83AFB-8D16-4916-AC00-0E35BEFE58B1} = {F046D694-F711-49FF-BF64-41BC02F356D2}
		{E061074B-2ACF-4420-A642-6696C04202A3} = {F046D694-F711-49FF-BF64-41BC02F356D2}
		{C02F89AA-35DC-4BDD-98C0-B8889D53BF2A} = {F1581488-2ABD-4F55-8863-4ADE7085140E}
		{AD7C5784-DD8E-4A9A-A70E-C90855DD9497} = {5CF83AFB-8D16-4916-AC00-0E35BEFE58B1}
		{322489CA-02C1-4395-804B-C53569A7DCFD} = {C02F89AA-35DC-4BDD-98C0-B8889D53BF2A}
		{7DC885A7-8951-4BF7-BD5F-B1B7ABCB8ECE} = {E061074B-2ACF-4420-A642-6696C04202A3}
		{3CD625E2-CAED-4482-9541-192B3446D2C0} = {04A9F8E8-E5AF-42A9-B118-460B8404D4DC}
	EndGlobalSection
	GlobalSection(ExtensibilityGlobals) = postSolution
		SolutionGuid = {0C047118-B70F-4C2C-AB8D-3BBAF67B7C48}
	EndGlobalSection
EndGlobal
